// !$*UTF8*$!
{
	archiveVersion = 1;
	classes = {
	};
	objectVersion = 77;
	objects = {

/* Begin PBXBuildFile section */
		12F9A0C82D5E1EAB003DCDA5 /* Preview Assets.xcassets in Resources */ = {isa = PBXBuildFile; fileRef = 12F9A0BD2D5E1EAB003DCDA5 /* Preview Assets.xcassets */; };
		12F9A0C92D5E1EAB003DCDA5 /* Assets.xcassets in Resources */ = {isa = PBXBuildFile; fileRef = 12F9A0BF2D5E1EAB003DCDA5 /* Assets.xcassets */; };
		12F9A0CA2D5E1EAB003DCDA5 /* CakeShopApp.swift in Sources */ = {isa = PBXBuildFile; fileRef = 12F9A0A82D5E1EAB003DCDA5 /* CakeShopApp.swift */; };
		12F9A0CB2D5E1EAB003DCDA5 /* CakeRow.swift in Sources */ = {isa = PBXBuildFile; fileRef = 12F9A0AA2D5E1EAB003DCDA5 /* CakeRow.swift */; };
		12F9A0CC2D5E1EAB003DCDA5 /* CakeRowViewModel.swift in Sources */ = {isa = PBXBuildFile; fileRef = 12F9A0AB2D5E1EAB003DCDA5 /* CakeRowViewModel.swift */; };
		12F9A0CD2D5E1EAB003DCDA5 /* ImageButton.swift in Sources */ = {isa = PBXBuildFile; fileRef = 12F9A0AC2D5E1EAB003DCDA5 /* ImageButton.swift */; };
		12F9A0CE2D5E1EAB003DCDA5 /* CatalogView.swift in Sources */ = {isa = PBXBuildFile; fileRef = 12F9A0AE2D5E1EAB003DCDA5 /* CatalogView.swift */; };
		12F9A0CF2D5E1EAB003DCDA5 /* CatalogViewModel.swift in Sources */ = {isa = PBXBuildFile; fileRef = 12F9A0AF2D5E1EAB003DCDA5 /* CatalogViewModel.swift */; };
		12F9A0D02D5E1EAB003DCDA5 /* LayerCakeView.swift in Sources */ = {isa = PBXBuildFile; fileRef = 12F9A0B02D5E1EAB003DCDA5 /* LayerCakeView.swift */; };
		12F9A0D12D5E1EAB003DCDA5 /* ScreenPlaceholderView.swift in Sources */ = {isa = PBXBuildFile; fileRef = 12F9A0B12D5E1EAB003DCDA5 /* ScreenPlaceholderView.swift */; };
		12F9A0D22D5E1EAB003DCDA5 /* FavoritesView.swift in Sources */ = {isa = PBXBuildFile; fileRef = 12F9A0B32D5E1EAB003DCDA5 /* FavoritesView.swift */; };
		12F9A0D32D5E1EAB003DCDA5 /* FavoritesViewModel.swift in Sources */ = {isa = PBXBuildFile; fileRef = 12F9A0B42D5E1EAB003DCDA5 /* FavoritesViewModel.swift */; };
		12F9A0D42D5E1EAB003DCDA5 /* Cake.swift in Sources */ = {isa = PBXBuildFile; fileRef = 12F9A0B62D5E1EAB003DCDA5 /* Cake.swift */; };
		12F9A0D52D5E1EAB003DCDA5 /* OrderCartView.swift in Sources */ = {isa = PBXBuildFile; fileRef = 12F9A0B82D5E1EAB003DCDA5 /* OrderCartView.swift */; };
		12F9A0D62D5E1EAB003DCDA5 /* OrderCartViewModel.swift in Sources */ = {isa = PBXBuildFile; fileRef = 12F9A0B92D5E1EAB003DCDA5 /* OrderCartViewModel.swift */; };
		12F9A0D72D5E1EAB003DCDA5 /* StorageManager.swift in Sources */ = {isa = PBXBuildFile; fileRef = 12F9A0C12D5E1EAB003DCDA5 /* StorageManager.swift */; };
		12F9A0D82D5E1EAB003DCDA5 /* StarterView.swift in Sources */ = {isa = PBXBuildFile; fileRef = 12F9A0C32D5E1EAB003DCDA5 /* StarterView.swift */; };
		12F9A0D92D5E1EAB003DCDA5 /* StarterViewModel.swift in Sources */ = {isa = PBXBuildFile; fileRef = 12F9A0C42D5E1EAB003DCDA5 /* StarterViewModel.swift */; };
/* End PBXBuildFile section */

/* Begin PBXFileReference section */
		127FAE132D5CCDD7004F136B /* CakeShop.app */ = {isa = PBXFileReference; explicitFileType = wrapper.application; includeInIndex = 0; path = CakeShop.app; sourceTree = BUILT_PRODUCTS_DIR; };
		12F9A0A72D5E1EAB003DCDA5 /* CakeShop.entitlements */ = {isa = PBXFileReference; lastKnownFileType = text.plist.entitlements; path = CakeShop.entitlements; sourceTree = "<group>"; };
		12F9A0A82D5E1EAB003DCDA5 /* CakeShopApp.swift */ = {isa = PBXFileReference; lastKnownFileType = sourcecode.swift; path = CakeShopApp.swift; sourceTree = "<group>"; };
		12F9A0AA2D5E1EAB003DCDA5 /* CakeRow.swift */ = {isa = PBXFileReference; lastKnownFileType = sourcecode.swift; path = CakeRow.swift; sourceTree = "<group>"; };
		12F9A0AB2D5E1EAB003DCDA5 /* CakeRowViewModel.swift */ = {isa = PBXFileReference; lastKnownFileType = sourcecode.swift; path = CakeRowViewModel.swift; sourceTree = "<group>"; };
		12F9A0AC2D5E1EAB003DCDA5 /* ImageButton.swift */ = {isa = PBXFileReference; lastKnownFileType = sourcecode.swift; path = ImageButton.swift; sourceTree = "<group>"; };
		12F9A0AE2D5E1EAB003DCDA5 /* CatalogView.swift */ = {isa = PBXFileReference; lastKnownFileType = sourcecode.swift; path = CatalogView.swift; sourceTree = "<group>"; };
		12F9A0AF2D5E1EAB003DCDA5 /* CatalogViewModel.swift */ = {isa = PBXFileReference; lastKnownFileType = sourcecode.swift; path = CatalogViewModel.swift; sourceTree = "<group>"; };
		12F9A0B02D5E1EAB003DCDA5 /* LayerCakeView.swift */ = {isa = PBXFileReference; lastKnownFileType = sourcecode.swift; path = LayerCakeView.swift; sourceTree = "<group>"; };
		12F9A0B12D5E1EAB003DCDA5 /* ScreenPlaceholderView.swift */ = {isa = PBXFileReference; lastKnownFileType = sourcecode.swift; path = ScreenPlaceholderView.swift; sourceTree = "<group>"; };
		12F9A0B32D5E1EAB003DCDA5 /* FavoritesView.swift */ = {isa = PBXFileReference; lastKnownFileType = sourcecode.swift; path = FavoritesView.swift; sourceTree = "<group>"; };
		12F9A0B42D5E1EAB003DCDA5 /* FavoritesViewModel.swift */ = {isa = PBXFileReference; lastKnownFileType = sourcecode.swift; path = FavoritesViewModel.swift; sourceTree = "<group>"; };
		12F9A0B62D5E1EAB003DCDA5 /* Cake.swift */ = {isa = PBXFileReference; lastKnownFileType = sourcecode.swift; path = Cake.swift; sourceTree = "<group>"; };
		12F9A0B82D5E1EAB003DCDA5 /* OrderCartView.swift */ = {isa = PBXFileReference; lastKnownFileType = sourcecode.swift; path = OrderCartView.swift; sourceTree = "<group>"; };
		12F9A0B92D5E1EAB003DCDA5 /* OrderCartViewModel.swift */ = {isa = PBXFileReference; lastKnownFileType = sourcecode.swift; path = OrderCartViewModel.swift; sourceTree = "<group>"; };
		12F9A0BD2D5E1EAB003DCDA5 /* Preview Assets.xcassets */ = {isa = PBXFileReference; lastKnownFileType = folder.assetcatalog; path = "Preview Assets.xcassets"; sourceTree = "<group>"; };
		12F9A0BF2D5E1EAB003DCDA5 /* Assets.xcassets */ = {isa = PBXFileReference; lastKnownFileType = folder.assetcatalog; path = Assets.xcassets; sourceTree = "<group>"; };
		12F9A0C12D5E1EAB003DCDA5 /* StorageManager.swift */ = {isa = PBXFileReference; lastKnownFileType = sourcecode.swift; path = StorageManager.swift; sourceTree = "<group>"; };
		12F9A0C32D5E1EAB003DCDA5 /* StarterView.swift */ = {isa = PBXFileReference; lastKnownFileType = sourcecode.swift; path = StarterView.swift; sourceTree = "<group>"; };
		12F9A0C42D5E1EAB003DCDA5 /* StarterViewModel.swift */ = {isa = PBXFileReference; lastKnownFileType = sourcecode.swift; path = StarterViewModel.swift; sourceTree = "<group>"; };
/* End PBXFileReference section */

/* Begin PBXFrameworksBuildPhase section */
		127FAE102D5CCDD7004F136B /* Frameworks */ = {
			isa = PBXFrameworksBuildPhase;
			buildActionMask = 2147483647;
			files = (
			);
			runOnlyForDeploymentPostprocessing = 0;
		};
/* End PBXFrameworksBuildPhase section */

/* Begin PBXGroup section */
		127FAE0A2D5CCDD7004F136B = {
			isa = PBXGroup;
			children = (
				12F9A0C62D5E1EAB003DCDA5 /* CakeShop */,
				127FAE142D5CCDD7004F136B /* Products */,
			);
			sourceTree = "<group>";
		};
		127FAE142D5CCDD7004F136B /* Products */ = {
			isa = PBXGroup;
			children = (
				127FAE132D5CCDD7004F136B /* CakeShop.app */,
			);
			name = Products;
			sourceTree = "<group>";
		};
		12F9A0A92D5E1EAB003DCDA5 /* App */ = {
			isa = PBXGroup;
			children = (
				12F9A0A72D5E1EAB003DCDA5 /* CakeShop.entitlements */,
				12F9A0A82D5E1EAB003DCDA5 /* CakeShopApp.swift */,
			);
			path = App;
			sourceTree = "<group>";
		};
		12F9A0AD2D5E1EAB003DCDA5 /* CakeRow */ = {
			isa = PBXGroup;
			children = (
				12F9A0AA2D5E1EAB003DCDA5 /* CakeRow.swift */,
				12F9A0AB2D5E1EAB003DCDA5 /* CakeRowViewModel.swift */,
				12F9A0AC2D5E1EAB003DCDA5 /* ImageButton.swift */,
			);
			path = CakeRow;
			sourceTree = "<group>";
		};
		12F9A0B22D5E1EAB003DCDA5 /* CatalogView */ = {
			isa = PBXGroup;
			children = (
				12F9A0AD2D5E1EAB003DCDA5 /* CakeRow */,
				12F9A0AE2D5E1EAB003DCDA5 /* CatalogView.swift */,
				12F9A0AF2D5E1EAB003DCDA5 /* CatalogViewModel.swift */,
				12F9A0B02D5E1EAB003DCDA5 /* LayerCakeView.swift */,
				12F9A0B12D5E1EAB003DCDA5 /* ScreenPlaceholderView.swift */,
			);
			path = CatalogView;
			sourceTree = "<group>";
		};
		12F9A0B52D5E1EAB003DCDA5 /* FavoritesView */ = {
			isa = PBXGroup;
			children = (
				12F9A0B32D5E1EAB003DCDA5 /* FavoritesView.swift */,
				12F9A0B42D5E1EAB003DCDA5 /* FavoritesViewModel.swift */,
			);
			path = FavoritesView;
			sourceTree = "<group>";
		};
		12F9A0B72D5E1EAB003DCDA5 /* Models */ = {
			isa = PBXGroup;
			children = (
				12F9A0B62D5E1EAB003DCDA5 /* Cake.swift */,
			);
			path = Models;
			sourceTree = "<group>";
		};
		12F9A0BA2D5E1EAB003DCDA5 /* OrderCartView */ = {
			isa = PBXGroup;
			children = (
				12F9A0B82D5E1EAB003DCDA5 /* OrderCartView.swift */,
				12F9A0B92D5E1EAB003DCDA5 /* OrderCartViewModel.swift */,
			);
			path = OrderCartView;
			sourceTree = "<group>";
		};
		12F9A0BE2D5E1EAB003DCDA5 /* Preview Content */ = {
			isa = PBXGroup;
			children = (
				12F9A0BD2D5E1EAB003DCDA5 /* Preview Assets.xcassets */,
			);
			path = "Preview Content";
			sourceTree = "<group>";
		};
		12F9A0C02D5E1EAB003DCDA5 /* Resources */ = {
			isa = PBXGroup;
			children = (
				12F9A0BF2D5E1EAB003DCDA5 /* Assets.xcassets */,
			);
			path = Resources;
			sourceTree = "<group>";
		};
		12F9A0C22D5E1EAB003DCDA5 /* Services */ = {
			isa = PBXGroup;
			children = (
				12F9A0C12D5E1EAB003DCDA5 /* StorageManager.swift */,
			);
			path = Services;
			sourceTree = "<group>";
		};
		12F9A0C52D5E1EAB003DCDA5 /* StarterView */ = {
			isa = PBXGroup;
			children = (
				12F9A0C32D5E1EAB003DCDA5 /* StarterView.swift */,
				12F9A0C42D5E1EAB003DCDA5 /* StarterViewModel.swift */,
			);
			path = StarterView;
			sourceTree = "<group>";
		};
		12F9A0C62D5E1EAB003DCDA5 /* CakeShop */ = {
			isa = PBXGroup;
			children = (
				12F9A0A92D5E1EAB003DCDA5 /* App */,
				12F9A0C52D5E1EAB003DCDA5 /* StarterView */,
				12F9A0B22D5E1EAB003DCDA5 /* CatalogView */,
				12F9A0BA2D5E1EAB003DCDA5 /* OrderCartView */,
				12F9A0B52D5E1EAB003DCDA5 /* FavoritesView */,
				12F9A0B72D5E1EAB003DCDA5 /* Models */,
				12F9A0C22D5E1EAB003DCDA5 /* Services */,
				12F9A0C02D5E1EAB003DCDA5 /* Resources */,
				12F9A0BE2D5E1EAB003DCDA5 /* Preview Content */,
			);
			path = CakeShop;
			sourceTree = "<group>";
		};
/* End PBXGroup section */

/* Begin PBXNativeTarget section */
		127FAE122D5CCDD7004F136B /* CakeShop */ = {
			isa = PBXNativeTarget;
			buildConfigurationList = 127FAE222D5CCDDF004F136B /* Build configuration list for PBXNativeTarget "CakeShop" */;
			buildPhases = (
				127FAE0F2D5CCDD7004F136B /* Sources */,
				127FAE102D5CCDD7004F136B /* Frameworks */,
				127FAE112D5CCDD7004F136B /* Resources */,
			);
			buildRules = (
			);
			dependencies = (
			);
			name = CakeShop;
			packageProductDependencies = (
			);
			productName = CakeShop;
			productReference = 127FAE132D5CCDD7004F136B /* CakeShop.app */;
			productType = "com.apple.product-type.application";
		};
/* End PBXNativeTarget section */

/* Begin PBXProject section */
		127FAE0B2D5CCDD7004F136B /* Project object */ = {
			isa = PBXProject;
			attributes = {
				BuildIndependentTargetsInParallel = 1;
				LastSwiftUpdateCheck = 1620;
				LastUpgradeCheck = 1620;
				TargetAttributes = {
					127FAE122D5CCDD7004F136B = {
						CreatedOnToolsVersion = 16.2;
					};
				};
			};
			buildConfigurationList = 127FAE0E2D5CCDD7004F136B /* Build configuration list for PBXProject "CakeShop" */;
			developmentRegion = en;
			hasScannedForEncodings = 0;
			knownRegions = (
				en,
				Base,
			);
			mainGroup = 127FAE0A2D5CCDD7004F136B;
			minimizedProjectReferenceProxies = 1;
			preferredProjectObjectVersion = 77;
			productRefGroup = 127FAE142D5CCDD7004F136B /* Products */;
			projectDirPath = "";
			projectRoot = "";
			targets = (
				127FAE122D5CCDD7004F136B /* CakeShop */,
			);
		};
/* End PBXProject section */

/* Begin PBXResourcesBuildPhase section */
		127FAE112D5CCDD7004F136B /* Resources */ = {
			isa = PBXResourcesBuildPhase;
			buildActionMask = 2147483647;
			files = (
				12F9A0C82D5E1EAB003DCDA5 /* Preview Assets.xcassets in Resources */,
				12F9A0C92D5E1EAB003DCDA5 /* Assets.xcassets in Resources */,
			);
			runOnlyForDeploymentPostprocessing = 0;
		};
/* End PBXResourcesBuildPhase section */

/* Begin PBXSourcesBuildPhase section */
		127FAE0F2D5CCDD7004F136B /* Sources */ = {
			isa = PBXSourcesBuildPhase;
			buildActionMask = 2147483647;
			files = (
				12F9A0CA2D5E1EAB003DCDA5 /* CakeShopApp.swift in Sources */,
				12F9A0CB2D5E1EAB003DCDA5 /* CakeRow.swift in Sources */,
				12F9A0CC2D5E1EAB003DCDA5 /* CakeRowViewModel.swift in Sources */,
				12F9A0CD2D5E1EAB003DCDA5 /* ImageButton.swift in Sources */,
				12F9A0CE2D5E1EAB003DCDA5 /* CatalogView.swift in Sources */,
				12F9A0CF2D5E1EAB003DCDA5 /* CatalogViewModel.swift in Sources */,
				12F9A0D02D5E1EAB003DCDA5 /* LayerCakeView.swift in Sources */,
				12F9A0D12D5E1EAB003DCDA5 /* ScreenPlaceholderView.swift in Sources */,
				12F9A0D22D5E1EAB003DCDA5 /* FavoritesView.swift in Sources */,
				12F9A0D32D5E1EAB003DCDA5 /* FavoritesViewModel.swift in Sources */,
				12F9A0D42D5E1EAB003DCDA5 /* Cake.swift in Sources */,
				12F9A0D52D5E1EAB003DCDA5 /* OrderCartView.swift in Sources */,
				12F9A0D62D5E1EAB003DCDA5 /* OrderCartViewModel.swift in Sources */,
				12F9A0D72D5E1EAB003DCDA5 /* StorageManager.swift in Sources */,
				12F9A0D82D5E1EAB003DCDA5 /* StarterView.swift in Sources */,
				12F9A0D92D5E1EAB003DCDA5 /* StarterViewModel.swift in Sources */,
			);
			runOnlyForDeploymentPostprocessing = 0;
		};
/* End PBXSourcesBuildPhase section */

/* Begin XCBuildConfiguration section */
		127FAE202D5CCDDF004F136B /* Debug */ = {
			isa = XCBuildConfiguration;
			buildSettings = {
				ALWAYS_SEARCH_USER_PATHS = NO;
				ASSETCATALOG_COMPILER_GENERATE_SWIFT_ASSET_SYMBOL_EXTENSIONS = YES;
				CLANG_ANALYZER_NONNULL = YES;
				CLANG_ANALYZER_NUMBER_OBJECT_CONVERSION = YES_AGGRESSIVE;
				CLANG_CXX_LANGUAGE_STANDARD = "gnu++20";
				CLANG_ENABLE_MODULES = YES;
				CLANG_ENABLE_OBJC_ARC = YES;
				CLANG_ENABLE_OBJC_WEAK = YES;
				CLANG_WARN_BLOCK_CAPTURE_AUTORELEASING = YES;
				CLANG_WARN_BOOL_CONVERSION = YES;
				CLANG_WARN_COMMA = YES;
				CLANG_WARN_CONSTANT_CONVERSION = YES;
				CLANG_WARN_DEPRECATED_OBJC_IMPLEMENTATIONS = YES;
				CLANG_WARN_DIRECT_OBJC_ISA_USAGE = YES_ERROR;
				CLANG_WARN_DOCUMENTATION_COMMENTS = YES;
				CLANG_WARN_EMPTY_BODY = YES;
				CLANG_WARN_ENUM_CONVERSION = YES;
				CLANG_WARN_INFINITE_RECURSION = YES;
				CLANG_WARN_INT_CONVERSION = YES;
				CLANG_WARN_NON_LITERAL_NULL_CONVERSION = YES;
				CLANG_WARN_OBJC_IMPLICIT_RETAIN_SELF = YES;
				CLANG_WARN_OBJC_LITERAL_CONVERSION = YES;
				CLANG_WARN_OBJC_ROOT_CLASS = YES_ERROR;
				CLANG_WARN_QUOTED_INCLUDE_IN_FRAMEWORK_HEADER = YES;
				CLANG_WARN_RANGE_LOOP_ANALYSIS = YES;
				CLANG_WARN_STRICT_PROTOTYPES = YES;
				CLANG_WARN_SUSPICIOUS_MOVE = YES;
				CLANG_WARN_UNGUARDED_AVAILABILITY = YES_AGGRESSIVE;
				CLANG_WARN_UNREACHABLE_CODE = YES;
				CLANG_WARN__DUPLICATE_METHOD_MATCH = YES;
				COPY_PHASE_STRIP = NO;
				DEBUG_INFORMATION_FORMAT = dwarf;
				ENABLE_STRICT_OBJC_MSGSEND = YES;
				ENABLE_TESTABILITY = YES;
				ENABLE_USER_SCRIPT_SANDBOXING = YES;
				GCC_C_LANGUAGE_STANDARD = gnu17;
				GCC_DYNAMIC_NO_PIC = NO;
				GCC_NO_COMMON_BLOCKS = YES;
				GCC_OPTIMIZATION_LEVEL = 0;
				GCC_PREPROCESSOR_DEFINITIONS = (
					"DEBUG=1",
					"$(inherited)",
				);
				GCC_WARN_64_TO_32_BIT_CONVERSION = YES;
				GCC_WARN_ABOUT_RETURN_TYPE = YES_ERROR;
				GCC_WARN_UNDECLARED_SELECTOR = YES;
				GCC_WARN_UNINITIALIZED_AUTOS = YES_AGGRESSIVE;
				GCC_WARN_UNUSED_FUNCTION = YES;
				GCC_WARN_UNUSED_VARIABLE = YES;
				LOCALIZATION_PREFERS_STRING_CATALOGS = YES;
				MTL_ENABLE_DEBUG_INFO = INCLUDE_SOURCE;
				MTL_FAST_MATH = YES;
				ONLY_ACTIVE_ARCH = YES;
				SWIFT_ACTIVE_COMPILATION_CONDITIONS = "DEBUG $(inherited)";
				SWIFT_OPTIMIZATION_LEVEL = "-Onone";
			};
			name = Debug;
		};
		127FAE212D5CCDDF004F136B /* Release */ = {
			isa = XCBuildConfiguration;
			buildSettings = {
				ALWAYS_SEARCH_USER_PATHS = NO;
				ASSETCATALOG_COMPILER_GENERATE_SWIFT_ASSET_SYMBOL_EXTENSIONS = YES;
				CLANG_ANALYZER_NONNULL = YES;
				CLANG_ANALYZER_NUMBER_OBJECT_CONVERSION = YES_AGGRESSIVE;
				CLANG_CXX_LANGUAGE_STANDARD = "gnu++20";
				CLANG_ENABLE_MODULES = YES;
				CLANG_ENABLE_OBJC_ARC = YES;
				CLANG_ENABLE_OBJC_WEAK = YES;
				CLANG_WARN_BLOCK_CAPTURE_AUTORELEASING = YES;
				CLANG_WARN_BOOL_CONVERSION = YES;
				CLANG_WARN_COMMA = YES;
				CLANG_WARN_CONSTANT_CONVERSION = YES;
				CLANG_WARN_DEPRECATED_OBJC_IMPLEMENTATIONS = YES;
				CLANG_WARN_DIRECT_OBJC_ISA_USAGE = YES_ERROR;
				CLANG_WARN_DOCUMENTATION_COMMENTS = YES;
				CLANG_WARN_EMPTY_BODY = YES;
				CLANG_WARN_ENUM_CONVERSION = YES;
				CLANG_WARN_INFINITE_RECURSION = YES;
				CLANG_WARN_INT_CONVERSION = YES;
				CLANG_WARN_NON_LITERAL_NULL_CONVERSION = YES;
				CLANG_WARN_OBJC_IMPLICIT_RETAIN_SELF = YES;
				CLANG_WARN_OBJC_LITERAL_CONVERSION = YES;
				CLANG_WARN_OBJC_ROOT_CLASS = YES_ERROR;
				CLANG_WARN_QUOTED_INCLUDE_IN_FRAMEWORK_HEADER = YES;
				CLANG_WARN_RANGE_LOOP_ANALYSIS = YES;
				CLANG_WARN_STRICT_PROTOTYPES = YES;
				CLANG_WARN_SUSPICIOUS_MOVE = YES;
				CLANG_WARN_UNGUARDED_AVAILABILITY = YES_AGGRESSIVE;
				CLANG_WARN_UNREACHABLE_CODE = YES;
				CLANG_WARN__DUPLICATE_METHOD_MATCH = YES;
				COPY_PHASE_STRIP = NO;
				DEBUG_INFORMATION_FORMAT = "dwarf-with-dsym";
				ENABLE_NS_ASSERTIONS = NO;
				ENABLE_STRICT_OBJC_MSGSEND = YES;
				ENABLE_USER_SCRIPT_SANDBOXING = YES;
				GCC_C_LANGUAGE_STANDARD = gnu17;
				GCC_NO_COMMON_BLOCKS = YES;
				GCC_WARN_64_TO_32_BIT_CONVERSION = YES;
				GCC_WARN_ABOUT_RETURN_TYPE = YES_ERROR;
				GCC_WARN_UNDECLARED_SELECTOR = YES;
				GCC_WARN_UNINITIALIZED_AUTOS = YES_AGGRESSIVE;
				GCC_WARN_UNUSED_FUNCTION = YES;
				GCC_WARN_UNUSED_VARIABLE = YES;
				LOCALIZATION_PREFERS_STRING_CATALOGS = YES;
				MTL_ENABLE_DEBUG_INFO = NO;
				MTL_FAST_MATH = YES;
				SWIFT_COMPILATION_MODE = wholemodule;
			};
			name = Release;
		};
		127FAE232D5CCDDF004F136B /* Debug */ = {
			isa = XCBuildConfiguration;
			buildSettings = {
				ASSETCATALOG_COMPILER_APPICON_NAME = AppIcon;
				ASSETCATALOG_COMPILER_GLOBAL_ACCENT_COLOR_NAME = AccentColor;
				CODE_SIGN_ENTITLEMENTS = CakeShop/App/CakeShop.entitlements;
				CODE_SIGN_STYLE = Automatic;
				CURRENT_PROJECT_VERSION = 1;
				DEVELOPMENT_ASSET_PATHS = "\"CakeShop/Preview Content\"";
				DEVELOPMENT_TEAM = P39WFRLYUG;
				ENABLE_HARDENED_RUNTIME = YES;
				ENABLE_PREVIEWS = YES;
				GENERATE_INFOPLIST_FILE = YES;
				"INFOPLIST_KEY_UIApplicationSceneManifest_Generation[sdk=iphoneos*]" = YES;
				"INFOPLIST_KEY_UIApplicationSceneManifest_Generation[sdk=iphonesimulator*]" = YES;
				"INFOPLIST_KEY_UIApplicationSupportsIndirectInputEvents[sdk=iphoneos*]" = YES;
				"INFOPLIST_KEY_UIApplicationSupportsIndirectInputEvents[sdk=iphonesimulator*]" = YES;
				"INFOPLIST_KEY_UILaunchScreen_Generation[sdk=iphoneos*]" = YES;
				"INFOPLIST_KEY_UILaunchScreen_Generation[sdk=iphonesimulator*]" = YES;
				"INFOPLIST_KEY_UIStatusBarStyle[sdk=iphoneos*]" = UIStatusBarStyleDefault;
				"INFOPLIST_KEY_UIStatusBarStyle[sdk=iphonesimulator*]" = UIStatusBarStyleDefault;
				INFOPLIST_KEY_UISupportedInterfaceOrientations = UIInterfaceOrientationPortrait;
				INFOPLIST_KEY_UISupportedInterfaceOrientations_iPad = "UIInterfaceOrientationLandscapeLeft UIInterfaceOrientationLandscapeRight UIInterfaceOrientationPortrait UIInterfaceOrientationPortraitUpsideDown";
				IPHONEOS_DEPLOYMENT_TARGET = 18.2;
				LD_RUNPATH_SEARCH_PATHS = "@executable_path/Frameworks";
				"LD_RUNPATH_SEARCH_PATHS[sdk=macosx*]" = "@executable_path/../Frameworks";
				MACOSX_DEPLOYMENT_TARGET = 15.2;
				MARKETING_VERSION = 1.0;
				PRODUCT_BUNDLE_IDENTIFIER = mokhinsam.CakeShop;
				PRODUCT_NAME = "$(TARGET_NAME)";
				SDKROOT = auto;
				SUPPORTED_PLATFORMS = "iphoneos iphonesimulator";
				SUPPORTS_MACCATALYST = NO;
				SWIFT_EMIT_LOC_STRINGS = YES;
				SWIFT_VERSION = 5.0;
				TARGETED_DEVICE_FAMILY = 1;
				XROS_DEPLOYMENT_TARGET = 2.2;
			};
			name = Debug;
		};
		127FAE242D5CCDDF004F136B /* Release */ = {
			isa = XCBuildConfiguration;
			buildSettings = {
				ASSETCATALOG_COMPILER_APPICON_NAME = AppIcon;
				ASSETCATALOG_COMPILER_GLOBAL_ACCENT_COLOR_NAME = AccentColor;
				CODE_SIGN_ENTITLEMENTS = CakeShop/App/CakeShop.entitlements;
				CODE_SIGN_STYLE = Automatic;
				CURRENT_PROJECT_VERSION = 1;
				DEVELOPMENT_ASSET_PATHS = "\"CakeShop/Preview Content\"";
				DEVELOPMENT_TEAM = P39WFRLYUG;
				ENABLE_HARDENED_RUNTIME = YES;
				ENABLE_PREVIEWS = YES;
				GENERATE_INFOPLIST_FILE = YES;
				"INFOPLIST_KEY_UIApplicationSceneManifest_Generation[sdk=iphoneos*]" = YES;
				"INFOPLIST_KEY_UIApplicationSceneManifest_Generation[sdk=iphonesimulator*]" = YES;
				"INFOPLIST_KEY_UIApplicationSupportsIndirectInputEvents[sdk=iphoneos*]" = YES;
				"INFOPLIST_KEY_UIApplicationSupportsIndirectInputEvents[sdk=iphonesimulator*]" = YES;
				"INFOPLIST_KEY_UILaunchScreen_Generation[sdk=iphoneos*]" = YES;
				"INFOPLIST_KEY_UILaunchScreen_Generation[sdk=iphonesimulator*]" = YES;
				"INFOPLIST_KEY_UIStatusBarStyle[sdk=iphoneos*]" = UIStatusBarStyleDefault;
				"INFOPLIST_KEY_UIStatusBarStyle[sdk=iphonesimulator*]" = UIStatusBarStyleDefault;
				INFOPLIST_KEY_UISupportedInterfaceOrientations = UIInterfaceOrientationPortrait;
				INFOPLIST_KEY_UISupportedInterfaceOrientations_iPad = "UIInterfaceOrientationLandscapeLeft UIInterfaceOrientationLandscapeRight UIInterfaceOrientationPortrait UIInterfaceOrientationPortraitUpsideDown";
				IPHONEOS_DEPLOYMENT_TARGET = 18.2;
				LD_RUNPATH_SEARCH_PATHS = "@executable_path/Frameworks";
				"LD_RUNPATH_SEARCH_PATHS[sdk=macosx*]" = "@executable_path/../Frameworks";
				MACOSX_DEPLOYMENT_TARGET = 15.2;
				MARKETING_VERSION = 1.0;
				PRODUCT_BUNDLE_IDENTIFIER = mokhinsam.CakeShop;
				PRODUCT_NAME = "$(TARGET_NAME)";
				SDKROOT = auto;
				SUPPORTED_PLATFORMS = "iphoneos iphonesimulator";
				SUPPORTS_MACCATALYST = NO;
				SWIFT_EMIT_LOC_STRINGS = YES;
				SWIFT_VERSION = 5.0;
				TARGETED_DEVICE_FAMILY = 1;
				XROS_DEPLOYMENT_TARGET = 2.2;
			};
			name = Release;
		};
/* End XCBuildConfiguration section */

/* Begin XCConfigurationList section */
		127FAE0E2D5CCDD7004F136B /* Build configuration list for PBXProject "CakeShop" */ = {
			isa = XCConfigurationList;
			buildConfigurations = (
				127FAE202D5CCDDF004F136B /* Debug */,
				127FAE212D5CCDDF004F136B /* Release */,
			);
			defaultConfigurationIsVisible = 0;
			defaultConfigurationName = Release;
		};
		127FAE222D5CCDDF004F136B /* Build configuration list for PBXNativeTarget "CakeShop" */ = {
			isa = XCConfigurationList;
			buildConfigurations = (
				127FAE232D5CCDDF004F136B /* Debug */,
				127FAE242D5CCDDF004F136B /* Release */,
			);
			defaultConfigurationIsVisible = 0;
			defaultConfigurationName = Release;
		};
/* End XCConfigurationList section */
	};
	rootObject = 127FAE0B2D5CCDD7004F136B /* Project object */;
}
